<?xml version="1.0" encoding="utf-8"?>
<Project ToolsVersion="16.0" xmlns="http://schemas.microsoft.com/developer/msbuild/2003">
  <ItemGroup>
    <ClCompile Include="D:\Personal\Workplace\cpp\cmake-test\src\main.cpp">
      <Filter>Source Files</Filter>
    </ClCompile>
    <ClCompile Include="D:\Personal\Workplace\cpp\cmake-test\src\libs\spokeperson.cpp">
      <Filter>Source Files</Filter>
    </ClCompile>
  </ItemGroup>
  <ItemGroup>
    <CustomBuild Include="D:\Personal\Workplace\cpp\cmake-test\CMakeLists.txt" />
  </ItemGroup>
  <ItemGroup>
    <Filter Include="Source Files">
      <UniqueIdentifier>{1B474532-80CB-379A-8BCE-AEE01DF92060}</UniqueIdentifier>
    </Filter>
  </ItemGroup>
</Project>
